
Microsoft Visual Studio Solution File, Format Version 12.00
# Visual Studio Version 16
VisualStudioVersion = 16.0.28803.202
MinimumVisualStudioVersion = 10.0.40219.1
Project("{FAE04EC0-301F-11D3-BF4B-00C04F79EFBC}") = "WordCompare", "WordCompare\WordCompare.csproj", "{61CE5986-3DE2-4943-9BBD-7DF4A388A8B2}"
EndProject
Project("{FAE04EC0-301F-11D3-BF4B-00C04F79EFBC}") = "WordConvert", "WordConvert\WordConvert.csproj", "{4914D651-8266-4DF1-A48F-32423BF11037}"
EndProject
Global
	GlobalSection(SolutionConfigurationPlatforms) = preSolution
		Debug|Any CPU = Debug|Any CPU
		Release|Any CPU = Release|Any CPU
	EndGlobalSection
	GlobalSection(ProjectConfigurationPlatforms) = postSolution
		{61CE5986-3DE2-4943-9BBD-7DF4A388A8B2}.Debug|Any CPU.ActiveCfg = Debug|Any CPU
		{61CE5986-3DE2-4943-9BBD-7DF4A388A8B2}.Debug|Any CPU.Build.0 = Debug|Any CPU
		{61CE5986-3DE2-4943-9BBD-7DF4A388A8B2}.Release|Any CPU.ActiveCfg = Release|Any CPU
		{61CE5986-3DE2-4943-9BBD-7DF4A388A8B2}.Release|Any CPU.Build.0 = Release|Any CPU
		{4914D651-8266-4DF1-A48F-32423BF11037}.Debug|Any CPU.ActiveCfg = Debug|Any CPU
		{4914D651-8266-4DF1-A48F-32423BF11037}.Debug|Any CPU.Build.0 = Debug|Any CPU
		{4914D651-8266-4DF1-A48F-32423BF11037}.Release|Any CPU.ActiveCfg = Release|Any CPU
		{4914D651-8266-4DF1-A48F-32423BF11037}.Release|Any CPU.Build.0 = Release|Any CPU
	EndGlobalSection
	GlobalSection(SolutionProperties) = preSolution
		HideSolutionNode = FALSE
	EndGlobalSection
	GlobalSection(ExtensibilityGlobals) = postSolution
		SolutionGuid = {15C1EAB2-66B4-416E-863D-B6DF7C34BB33}
	EndGlobalSection
EndGlobal
